
Microsoft Visual Studio Solution File, Format Version 12.00
# Visual Studio Version 16
VisualStudioVersion = 16.0.30225.117
MinimumVisualStudioVersion = 10.0.40219.1
Project("{9A19103F-16F7-4668-BE54-9A1E7A4F7556}") = "TimeTracker", "TimeTracker\TimeTracker.csproj", "{FEC770ED-6B34-4373-B3C7-B20A2EA4D731}"
EndProject
Project("{FAE04EC0-301F-11D3-BF4B-00C04F79EFBC}") = "TimeTracker.Tests", "TimeTracker.Tests\TimeTracker.Tests.csproj", "{491771DA-6BAB-4621-AD1F-6938ACEB0F89}"
EndProject
Global
	GlobalSection(SolutionConfigurationPlatforms) = preSolution
		Debug|Any CPU = Debug|Any CPU
		Release|Any CPU = Release|Any CPU
	EndGlobalSection
	GlobalSection(ProjectConfigurationPlatforms) = postSolution
		{FEC770ED-6B34-4373-B3C7-B20A2EA4D731}.Debug|Any CPU.ActiveCfg = Debug|Any CPU
		{FEC770ED-6B34-4373-B3C7-B20A2EA4D731}.Debug|Any CPU.Build.0 = Debug|Any CPU
		{FEC770ED-6B34-4373-B3C7-B20A2EA4D731}.Release|Any CPU.ActiveCfg = Release|Any CPU
		{FEC770ED-6B34-4373-B3C7-B20A2EA4D731}.Release|Any CPU.Build.0 = Release|Any CPU
		{491771DA-6BAB-4621-AD1F-6938ACEB0F89}.Debug|Any CPU.ActiveCfg = Debug|Any CPU
		{491771DA-6BAB-4621-AD1F-6938ACEB0F89}.Debug|Any CPU.Build.0 = Debug|Any CPU
		{491771DA-6BAB-4621-AD1F-6938ACEB0F89}.Release|Any CPU.ActiveCfg = Release|Any CPU
		{491771DA-6BAB-4621-AD1F-6938ACEB0F89}.Release|Any CPU.Build.0 = Release|Any CPU
	EndGlobalSection
	GlobalSection(SolutionProperties) = preSolution
		HideSolutionNode = FALSE
	EndGlobalSection
	GlobalSection(ExtensibilityGlobals) = postSolution
		SolutionGuid = {94EFA849-AF25-428D-BC14-A53DCDC8167F}
	EndGlobalSection
EndGlobal
